
Microsoft Visual Studio Solution File, Format Version 12.00
# Visual Studio Version 16
VisualStudioVersion = 16.0.29409.12
MinimumVisualStudioVersion = 10.0.40219.1
Project("{FAE04EC0-301F-11D3-BF4B-00C04F79EFBC}") = "TaskManager", "TaskManager\TaskManager.csproj", "{1F0913B2-4925-4FA4-90D8-6BCFA28F9E13}"
EndProject
Global
	GlobalSection(SolutionConfigurationPlatforms) = preSolution
		Debug|Any CPU = Debug|Any CPU
		Release|Any CPU = Release|Any CPU
	EndGlobalSection
	GlobalSection(ProjectConfigurationPlatforms) = postSolution
		{1F0913B2-4925-4FA4-90D8-6BCFA28F9E13}.Debug|Any CPU.ActiveCfg = Debug|Any CPU
		{1F0913B2-4925-4FA4-90D8-6BCFA28F9E13}.Debug|Any CPU.Build.0 = Debug|Any CPU
		{1F0913B2-4925-4FA4-90D8-6BCFA28F9E13}.Release|Any CPU.ActiveCfg = Release|Any CPU
		{1F0913B2-4925-4FA4-90D8-6BCFA28F9E13}.Release|Any CPU.Build.0 = Release|Any CPU
	EndGlobalSection
	GlobalSection(SolutionProperties) = preSolution
		HideSolutionNode = FALSE
	EndGlobalSection
	GlobalSection(ExtensibilityGlobals) = postSolution
		SolutionGuid = {AB863F27-24DD-47B8-A3B6-FE4A6A714879}
	EndGlobalSection
EndGlobal
